// !$*UTF8*$!
{
	archiveVersion = 1;
	classes = {
	};
	objectVersion = 52;
	objects = {

/* Begin PBXBuildFile section */
		1720003D2689E75F0073A2E2 /* UILabelExtension.swift in Sources */ = {isa = PBXBuildFile; fileRef = 1720003C2689E75F0073A2E2 /* UILabelExtension.swift */; };
		1720003F2689E9C20073A2E2 /* UITextFieldExtension.swift in Sources */ = {isa = PBXBuildFile; fileRef = 1720003E2689E9C20073A2E2 /* UITextFieldExtension.swift */; };
		172000412689EB3D0073A2E2 /* UIButtonExtension.swift in Sources */ = {isa = PBXBuildFile; fileRef = 172000402689EB3D0073A2E2 /* UIButtonExtension.swift */; };
		172000432689ECB30073A2E2 /* UIConfigurationProtocol.swift in Sources */ = {isa = PBXBuildFile; fileRef = 172000422689ECB30073A2E2 /* UIConfigurationProtocol.swift */; };
		172000452689F2810073A2E2 /* UIAlertController.swift in Sources */ = {isa = PBXBuildFile; fileRef = 172000442689F2810073A2E2 /* UIAlertController.swift */; };
		17200048268A324E0073A2E2 /* KeychainWrapper.swift in Sources */ = {isa = PBXBuildFile; fileRef = 17200047268A324E0073A2E2 /* KeychainWrapper.swift */; };
		1720004A268A32AA0073A2E2 /* KeychainItemAccessibility.swift in Sources */ = {isa = PBXBuildFile; fileRef = 17200049268A32AA0073A2E2 /* KeychainItemAccessibility.swift */; };
		1720004E268A3D790073A2E2 /* HomeVC.swift in Sources */ = {isa = PBXBuildFile; fileRef = 1720004D268A3D790073A2E2 /* HomeVC.swift */; };
		17200050268B325B0073A2E2 /* FavoritesVC.swift in Sources */ = {isa = PBXBuildFile; fileRef = 1720004F268B325B0073A2E2 /* FavoritesVC.swift */; };
		17200053268B358F0073A2E2 /* PokemonCell.swift in Sources */ = {isa = PBXBuildFile; fileRef = 17200052268B358F0073A2E2 /* PokemonCell.swift */; };
		17200055268B3EA30073A2E2 /* PokemonDetailsVC.swift in Sources */ = {isa = PBXBuildFile; fileRef = 17200054268B3EA30073A2E2 /* PokemonDetailsVC.swift */; };
		17200057268B3F1C0073A2E2 /* UIViewExtension.swift in Sources */ = {isa = PBXBuildFile; fileRef = 17200056268B3F1C0073A2E2 /* UIViewExtension.swift */; };
		17200059268B8D150073A2E2 /* WebService.swift in Sources */ = {isa = PBXBuildFile; fileRef = 17200058268B8D150073A2E2 /* WebService.swift */; };
		1720005B268B8D600073A2E2 /* Pokemon.swift in Sources */ = {isa = PBXBuildFile; fileRef = 1720005A268B8D600073A2E2 /* Pokemon.swift */; };
		1720005E268B8FC90073A2E2 /* URLConstants.swift in Sources */ = {isa = PBXBuildFile; fileRef = 1720005D268B8FC90073A2E2 /* URLConstants.swift */; };
		172EA5F526886D3100589B84 /* AppDelegate.swift in Sources */ = {isa = PBXBuildFile; fileRef = 172EA5F426886D3100589B84 /* AppDelegate.swift */; };
		172EA5F726886D3100589B84 /* SceneDelegate.swift in Sources */ = {isa = PBXBuildFile; fileRef = 172EA5F626886D3100589B84 /* SceneDelegate.swift */; };
		172EA5F926886D3100589B84 /* AuthVC.swift in Sources */ = {isa = PBXBuildFile; fileRef = 172EA5F826886D3100589B84 /* AuthVC.swift */; };
		172EA5FE26886D3400589B84 /* Assets.xcassets in Resources */ = {isa = PBXBuildFile; fileRef = 172EA5FD26886D3400589B84 /* Assets.xcassets */; };
		172EA60126886D3400589B84 /* LaunchScreen.storyboard in Resources */ = {isa = PBXBuildFile; fileRef = 172EA5FF26886D3400589B84 /* LaunchScreen.storyboard */; };
		1738E84D268C74C10011746D /* PersistanceService.swift in Sources */ = {isa = PBXBuildFile; fileRef = 1738E84C268C74C10011746D /* PersistanceService.swift */; };
		1738E850268C75480011746D /* NSoftPokemonCoreData.xcdatamodeld in Sources */ = {isa = PBXBuildFile; fileRef = 1738E84E268C75480011746D /* NSoftPokemonCoreData.xcdatamodeld */; };
		1738E85A268C77FA0011746D /* CoreDataService.swift in Sources */ = {isa = PBXBuildFile; fileRef = 1738E859268C77FA0011746D /* CoreDataService.swift */; };
		17477C27268C882000CE04BF /* PokemonCD+CoreDataClass.swift in Sources */ = {isa = PBXBuildFile; fileRef = 17477C25268C882000CE04BF /* PokemonCD+CoreDataClass.swift */; };
		17477C28268C882000CE04BF /* PokemonCD+CoreDataProperties.swift in Sources */ = {isa = PBXBuildFile; fileRef = 17477C26268C882000CE04BF /* PokemonCD+CoreDataProperties.swift */; };
		17477C2A268C974C00CE04BF /* PokemonCDDetailsVC.swift in Sources */ = {isa = PBXBuildFile; fileRef = 17477C29268C974C00CE04BF /* PokemonCDDetailsVC.swift */; };
		3636C5BE26BAD06A00F80D54 /* HomeViewModel.swift in Sources */ = {isa = PBXBuildFile; fileRef = 3636C5BD26BAD06A00F80D54 /* HomeViewModel.swift */; };
		3636C5C026BC068D00F80D54 /* FavoritesViewModel.swift in Sources */ = {isa = PBXBuildFile; fileRef = 3636C5BF26BC068D00F80D54 /* FavoritesViewModel.swift */; };
		36541FFF26BA76A900813AE3 /* AuthViewModel.swift in Sources */ = {isa = PBXBuildFile; fileRef = 36541FFE26BA76A900813AE3 /* AuthViewModel.swift */; };
		368F57CF26BA7CF7002CE6E6 /* SDWebImage in Frameworks */ = {isa = PBXBuildFile; productRef = 368F57CE26BA7CF7002CE6E6 /* SDWebImage */; };
		368F57D226BA7D53002CE6E6 /* SnapKit in Frameworks */ = {isa = PBXBuildFile; productRef = 368F57D126BA7D53002CE6E6 /* SnapKit */; };
/* End PBXBuildFile section */

/* Begin PBXFileReference section */
		1720003C2689E75F0073A2E2 /* UILabelExtension.swift */ = {isa = PBXFileReference; lastKnownFileType = sourcecode.swift; path = UILabelExtension.swift; sourceTree = "<group>"; };
		1720003E2689E9C20073A2E2 /* UITextFieldExtension.swift */ = {isa = PBXFileReference; lastKnownFileType = sourcecode.swift; path = UITextFieldExtension.swift; sourceTree = "<group>"; };
		172000402689EB3D0073A2E2 /* UIButtonExtension.swift */ = {isa = PBXFileReference; lastKnownFileType = sourcecode.swift; path = UIButtonExtension.swift; sourceTree = "<group>"; };
		172000422689ECB30073A2E2 /* UIConfigurationProtocol.swift */ = {isa = PBXFileReference; lastKnownFileType = sourcecode.swift; path = UIConfigurationProtocol.swift; sourceTree = "<group>"; };
		172000442689F2810073A2E2 /* UIAlertController.swift */ = {isa = PBXFileReference; lastKnownFileType = sourcecode.swift; path = UIAlertController.swift; sourceTree = "<group>"; };
		17200047268A324E0073A2E2 /* KeychainWrapper.swift */ = {isa = PBXFileReference; lastKnownFileType = sourcecode.swift; path = KeychainWrapper.swift; sourceTree = "<group>"; };
		17200049268A32AA0073A2E2 /* KeychainItemAccessibility.swift */ = {isa = PBXFileReference; lastKnownFileType = sourcecode.swift; path = KeychainItemAccessibility.swift; sourceTree = "<group>"; };
		1720004D268A3D790073A2E2 /* HomeVC.swift */ = {isa = PBXFileReference; lastKnownFileType = sourcecode.swift; path = HomeVC.swift; sourceTree = "<group>"; };
		1720004F268B325B0073A2E2 /* FavoritesVC.swift */ = {isa = PBXFileReference; lastKnownFileType = sourcecode.swift; path = FavoritesVC.swift; sourceTree = "<group>"; };
		17200052268B358F0073A2E2 /* PokemonCell.swift */ = {isa = PBXFileReference; lastKnownFileType = sourcecode.swift; path = PokemonCell.swift; sourceTree = "<group>"; };
		17200054268B3EA30073A2E2 /* PokemonDetailsVC.swift */ = {isa = PBXFileReference; lastKnownFileType = sourcecode.swift; path = PokemonDetailsVC.swift; sourceTree = "<group>"; };
		17200056268B3F1C0073A2E2 /* UIViewExtension.swift */ = {isa = PBXFileReference; lastKnownFileType = sourcecode.swift; path = UIViewExtension.swift; sourceTree = "<group>"; };
		17200058268B8D150073A2E2 /* WebService.swift */ = {isa = PBXFileReference; lastKnownFileType = sourcecode.swift; path = WebService.swift; sourceTree = "<group>"; };
		1720005A268B8D600073A2E2 /* Pokemon.swift */ = {isa = PBXFileReference; lastKnownFileType = sourcecode.swift; path = Pokemon.swift; sourceTree = "<group>"; };
		1720005D268B8FC90073A2E2 /* URLConstants.swift */ = {isa = PBXFileReference; lastKnownFileType = sourcecode.swift; path = URLConstants.swift; sourceTree = "<group>"; };
		172EA5F126886D3100589B84 /* NSoftPokemon.app */ = {isa = PBXFileReference; explicitFileType = wrapper.application; includeInIndex = 0; path = NSoftPokemon.app; sourceTree = BUILT_PRODUCTS_DIR; };
		172EA5F426886D3100589B84 /* AppDelegate.swift */ = {isa = PBXFileReference; lastKnownFileType = sourcecode.swift; path = AppDelegate.swift; sourceTree = "<group>"; };
		172EA5F626886D3100589B84 /* SceneDelegate.swift */ = {isa = PBXFileReference; lastKnownFileType = sourcecode.swift; path = SceneDelegate.swift; sourceTree = "<group>"; };
		172EA5F826886D3100589B84 /* AuthVC.swift */ = {isa = PBXFileReference; lastKnownFileType = sourcecode.swift; path = AuthVC.swift; sourceTree = "<group>"; };
		172EA5FD26886D3400589B84 /* Assets.xcassets */ = {isa = PBXFileReference; lastKnownFileType = folder.assetcatalog; path = Assets.xcassets; sourceTree = "<group>"; };
		172EA60026886D3400589B84 /* Base */ = {isa = PBXFileReference; lastKnownFileType = file.storyboard; name = Base; path = Base.lproj/LaunchScreen.storyboard; sourceTree = "<group>"; };
		172EA60226886D3400589B84 /* Info.plist */ = {isa = PBXFileReference; lastKnownFileType = text.plist.xml; path = Info.plist; sourceTree = "<group>"; };
		1738E84C268C74C10011746D /* PersistanceService.swift */ = {isa = PBXFileReference; lastKnownFileType = sourcecode.swift; path = PersistanceService.swift; sourceTree = "<group>"; };
		1738E84F268C75480011746D /* NSoftPokemonCoreData.xcdatamodel */ = {isa = PBXFileReference; lastKnownFileType = wrapper.xcdatamodel; path = NSoftPokemonCoreData.xcdatamodel; sourceTree = "<group>"; };
		1738E859268C77FA0011746D /* CoreDataService.swift */ = {isa = PBXFileReference; lastKnownFileType = sourcecode.swift; path = CoreDataService.swift; sourceTree = "<group>"; };
		17477C25268C882000CE04BF /* PokemonCD+CoreDataClass.swift */ = {isa = PBXFileReference; lastKnownFileType = sourcecode.swift; path = "PokemonCD+CoreDataClass.swift"; sourceTree = SOURCE_ROOT; };
		17477C26268C882000CE04BF /* PokemonCD+CoreDataProperties.swift */ = {isa = PBXFileReference; lastKnownFileType = sourcecode.swift; path = "PokemonCD+CoreDataProperties.swift"; sourceTree = SOURCE_ROOT; };
		17477C29268C974C00CE04BF /* PokemonCDDetailsVC.swift */ = {isa = PBXFileReference; lastKnownFileType = sourcecode.swift; path = PokemonCDDetailsVC.swift; sourceTree = "<group>"; };
		3636C5BD26BAD06A00F80D54 /* HomeViewModel.swift */ = {isa = PBXFileReference; lastKnownFileType = sourcecode.swift; path = HomeViewModel.swift; sourceTree = "<group>"; };
		3636C5BF26BC068D00F80D54 /* FavoritesViewModel.swift */ = {isa = PBXFileReference; lastKnownFileType = sourcecode.swift; path = FavoritesViewModel.swift; sourceTree = "<group>"; };
		36541FFE26BA76A900813AE3 /* AuthViewModel.swift */ = {isa = PBXFileReference; lastKnownFileType = sourcecode.swift; path = AuthViewModel.swift; sourceTree = "<group>"; };
/* End PBXFileReference section */

/* Begin PBXFrameworksBuildPhase section */
		172EA5EE26886D3100589B84 /* Frameworks */ = {
			isa = PBXFrameworksBuildPhase;
			buildActionMask = 2147483647;
			files = (
				368F57CF26BA7CF7002CE6E6 /* SDWebImage in Frameworks */,
				368F57D226BA7D53002CE6E6 /* SnapKit in Frameworks */,
			);
			runOnlyForDeploymentPostprocessing = 0;
		};
/* End PBXFrameworksBuildPhase section */

/* Begin PBXGroup section */
		17200046268A323B0073A2E2 /* Keychain */ = {
			isa = PBXGroup;
			children = (
				17200047268A324E0073A2E2 /* KeychainWrapper.swift */,
				17200049268A32AA0073A2E2 /* KeychainItemAccessibility.swift */,
			);
			path = Keychain;
			sourceTree = "<group>";
		};
		17200051268B35810073A2E2 /* Table View Cell */ = {
			isa = PBXGroup;
			children = (
				17200052268B358F0073A2E2 /* PokemonCell.swift */,
			);
			path = "Table View Cell";
			sourceTree = "<group>";
		};
		1720005C268B8FBC0073A2E2 /* Constants */ = {
			isa = PBXGroup;
			children = (
				1720005D268B8FC90073A2E2 /* URLConstants.swift */,
			);
			path = Constants;
			sourceTree = "<group>";
		};
		172EA5E826886D3100589B84 = {
			isa = PBXGroup;
			children = (
				172EA5F326886D3100589B84 /* NSoftPokemon */,
				172EA5F226886D3100589B84 /* Products */,
				CA08CF1F09EEE42E9F76D68C /* Pods */,
			);
			sourceTree = "<group>";
		};
		172EA5F226886D3100589B84 /* Products */ = {
			isa = PBXGroup;
			children = (
				172EA5F126886D3100589B84 /* NSoftPokemon.app */,
			);
			name = Products;
			sourceTree = "<group>";
		};
		172EA5F326886D3100589B84 /* NSoftPokemon */ = {
			isa = PBXGroup;
			children = (
				172EA60D26886DD800589B84 /* Helpers */,
				172EA60826886D8200589B84 /* Model */,
				172EA60926886D8700589B84 /* View Controller */,
				172EA60A26886D9000589B84 /* View */,
				36541FFD26BA768400813AE3 /* View Model */,
				172EA60B26886D9D00589B84 /* Service */,
				172EA5F426886D3100589B84 /* AppDelegate.swift */,
				172EA5F626886D3100589B84 /* SceneDelegate.swift */,
				172EA5FD26886D3400589B84 /* Assets.xcassets */,
				172EA5FF26886D3400589B84 /* LaunchScreen.storyboard */,
				172EA60226886D3400589B84 /* Info.plist */,
				1738E84E268C75480011746D /* NSoftPokemonCoreData.xcdatamodeld */,
			);
			path = NSoftPokemon;
			sourceTree = "<group>";
		};
		172EA60826886D8200589B84 /* Model */ = {
			isa = PBXGroup;
			children = (
				1720005A268B8D600073A2E2 /* Pokemon.swift */,
			);
			path = Model;
			sourceTree = "<group>";
		};
		172EA60926886D8700589B84 /* View Controller */ = {
			isa = PBXGroup;
			children = (
				172EA5F826886D3100589B84 /* AuthVC.swift */,
				1720004D268A3D790073A2E2 /* HomeVC.swift */,
				1720004F268B325B0073A2E2 /* FavoritesVC.swift */,
				17200054268B3EA30073A2E2 /* PokemonDetailsVC.swift */,
				17477C29268C974C00CE04BF /* PokemonCDDetailsVC.swift */,
			);
			path = "View Controller";
			sourceTree = "<group>";
		};
		172EA60A26886D9000589B84 /* View */ = {
			isa = PBXGroup;
			children = (
				17200051268B35810073A2E2 /* Table View Cell */,
			);
			path = View;
			sourceTree = "<group>";
		};
		172EA60B26886D9D00589B84 /* Service */ = {
			isa = PBXGroup;
			children = (
				1738E84B268C74910011746D /* Persistance */,
				172EA60C26886DA600589B84 /* Networking */,
			);
			path = Service;
			sourceTree = "<group>";
		};
		172EA60C26886DA600589B84 /* Networking */ = {
			isa = PBXGroup;
			children = (
				17200058268B8D150073A2E2 /* WebService.swift */,
			);
			path = Networking;
			sourceTree = "<group>";
		};
		172EA60D26886DD800589B84 /* Helpers */ = {
			isa = PBXGroup;
			children = (
				1720005C268B8FBC0073A2E2 /* Constants */,
				17200046268A323B0073A2E2 /* Keychain */,
				172EA60F26886DEA00589B84 /* Protocols */,
				172EA60E26886DDD00589B84 /* Extensions */,
			);
			path = Helpers;
			sourceTree = "<group>";
		};
		172EA60E26886DDD00589B84 /* Extensions */ = {
			isa = PBXGroup;
			children = (
				1720003C2689E75F0073A2E2 /* UILabelExtension.swift */,
				1720003E2689E9C20073A2E2 /* UITextFieldExtension.swift */,
				172000402689EB3D0073A2E2 /* UIButtonExtension.swift */,
				172000442689F2810073A2E2 /* UIAlertController.swift */,
				17200056268B3F1C0073A2E2 /* UIViewExtension.swift */,
			);
			path = Extensions;
			sourceTree = "<group>";
		};
		172EA60F26886DEA00589B84 /* Protocols */ = {
			isa = PBXGroup;
			children = (
				172000422689ECB30073A2E2 /* UIConfigurationProtocol.swift */,
			);
			path = Protocols;
			sourceTree = "<group>";
		};
		1738E84B268C74910011746D /* Persistance */ = {
			isa = PBXGroup;
			children = (
				17477C25268C882000CE04BF /* PokemonCD+CoreDataClass.swift */,
				17477C26268C882000CE04BF /* PokemonCD+CoreDataProperties.swift */,
				1738E84C268C74C10011746D /* PersistanceService.swift */,
				1738E859268C77FA0011746D /* CoreDataService.swift */,
			);
			path = Persistance;
			sourceTree = "<group>";
		};
		36541FFD26BA768400813AE3 /* View Model */ = {
			isa = PBXGroup;
			children = (
				36541FFE26BA76A900813AE3 /* AuthViewModel.swift */,
				3636C5BD26BAD06A00F80D54 /* HomeViewModel.swift */,
				3636C5BF26BC068D00F80D54 /* FavoritesViewModel.swift */,
			);
			path = "View Model";
			sourceTree = "<group>";
		};
		CA08CF1F09EEE42E9F76D68C /* Pods */ = {
			isa = PBXGroup;
			children = (
			);
			path = Pods;
			sourceTree = "<group>";
		};
/* End PBXGroup section */

/* Begin PBXNativeTarget section */
		172EA5F026886D3100589B84 /* NSoftPokemon */ = {
			isa = PBXNativeTarget;
			buildConfigurationList = 172EA60526886D3400589B84 /* Build configuration list for PBXNativeTarget "NSoftPokemon" */;
			buildPhases = (
				172EA5ED26886D3100589B84 /* Sources */,
				172EA5EE26886D3100589B84 /* Frameworks */,
				172EA5EF26886D3100589B84 /* Resources */,
			);
			buildRules = (
			);
			dependencies = (
			);
			name = NSoftPokemon;
			packageProductDependencies = (
				368F57CE26BA7CF7002CE6E6 /* SDWebImage */,
				368F57D126BA7D53002CE6E6 /* SnapKit */,
			);
			productName = NSoftPokemon;
			productReference = 172EA5F126886D3100589B84 /* NSoftPokemon.app */;
			productType = "com.apple.product-type.application";
		};
/* End PBXNativeTarget section */

/* Begin PBXProject section */
		172EA5E926886D3100589B84 /* Project object */ = {
			isa = PBXProject;
			attributes = {
				LastSwiftUpdateCheck = 1250;
				LastUpgradeCheck = 1250;
				TargetAttributes = {
					172EA5F026886D3100589B84 = {
						CreatedOnToolsVersion = 12.5.1;
					};
				};
			};
			buildConfigurationList = 172EA5EC26886D3100589B84 /* Build configuration list for PBXProject "NSoftPokemon" */;
			compatibilityVersion = "Xcode 9.3";
			developmentRegion = en;
			hasScannedForEncodings = 0;
			knownRegions = (
				en,
				Base,
			);
			mainGroup = 172EA5E826886D3100589B84;
			packageReferences = (
				368F57CD26BA7CF7002CE6E6 /* XCRemoteSwiftPackageReference "SDWebImage" */,
				368F57D026BA7D53002CE6E6 /* XCRemoteSwiftPackageReference "SnapKit" */,
			);
			productRefGroup = 172EA5F226886D3100589B84 /* Products */;
			projectDirPath = "";
			projectRoot = "";
			targets = (
				172EA5F026886D3100589B84 /* NSoftPokemon */,
			);
		};
/* End PBXProject section */

/* Begin PBXResourcesBuildPhase section */
		172EA5EF26886D3100589B84 /* Resources */ = {
			isa = PBXResourcesBuildPhase;
			buildActionMask = 2147483647;
			files = (
				172EA60126886D3400589B84 /* LaunchScreen.storyboard in Resources */,
				172EA5FE26886D3400589B84 /* Assets.xcassets in Resources */,
			);
			runOnlyForDeploymentPostprocessing = 0;
		};
/* End PBXResourcesBuildPhase section */

/* Begin PBXSourcesBuildPhase section */
		172EA5ED26886D3100589B84 /* Sources */ = {
			isa = PBXSourcesBuildPhase;
			buildActionMask = 2147483647;
			files = (
				17200057268B3F1C0073A2E2 /* UIViewExtension.swift in Sources */,
				17200048268A324E0073A2E2 /* KeychainWrapper.swift in Sources */,
				1720003F2689E9C20073A2E2 /* UITextFieldExtension.swift in Sources */,
				1720005B268B8D600073A2E2 /* Pokemon.swift in Sources */,
				1720003D2689E75F0073A2E2 /* UILabelExtension.swift in Sources */,
				17200053268B358F0073A2E2 /* PokemonCell.swift in Sources */,
				1720004A268A32AA0073A2E2 /* KeychainItemAccessibility.swift in Sources */,
				172EA5F926886D3100589B84 /* AuthVC.swift in Sources */,
				17477C27268C882000CE04BF /* PokemonCD+CoreDataClass.swift in Sources */,
				172EA5F526886D3100589B84 /* AppDelegate.swift in Sources */,
				1738E84D268C74C10011746D /* PersistanceService.swift in Sources */,
				172000452689F2810073A2E2 /* UIAlertController.swift in Sources */,
				17477C28268C882000CE04BF /* PokemonCD+CoreDataProperties.swift in Sources */,
				172EA5F726886D3100589B84 /* SceneDelegate.swift in Sources */,
				17200059268B8D150073A2E2 /* WebService.swift in Sources */,
				17200055268B3EA30073A2E2 /* PokemonDetailsVC.swift in Sources */,
				17200050268B325B0073A2E2 /* FavoritesVC.swift in Sources */,
				172000412689EB3D0073A2E2 /* UIButtonExtension.swift in Sources */,
				1720005E268B8FC90073A2E2 /* URLConstants.swift in Sources */,
				1738E850268C75480011746D /* NSoftPokemonCoreData.xcdatamodeld in Sources */,
				36541FFF26BA76A900813AE3 /* AuthViewModel.swift in Sources */,
				3636C5C026BC068D00F80D54 /* FavoritesViewModel.swift in Sources */,
				3636C5BE26BAD06A00F80D54 /* HomeViewModel.swift in Sources */,
				1720004E268A3D790073A2E2 /* HomeVC.swift in Sources */,
				1738E85A268C77FA0011746D /* CoreDataService.swift in Sources */,
				172000432689ECB30073A2E2 /* UIConfigurationProtocol.swift in Sources */,
				17477C2A268C974C00CE04BF /* PokemonCDDetailsVC.swift in Sources */,
			);
			runOnlyForDeploymentPostprocessing = 0;
		};
/* End PBXSourcesBuildPhase section */

/* Begin PBXVariantGroup section */
		172EA5FF26886D3400589B84 /* LaunchScreen.storyboard */ = {
			isa = PBXVariantGroup;
			children = (
				172EA60026886D3400589B84 /* Base */,
			);
			name = LaunchScreen.storyboard;
			sourceTree = "<group>";
		};
/* End PBXVariantGroup section */

/* Begin XCBuildConfiguration section */
		172EA60326886D3400589B84 /* Debug */ = {
			isa = XCBuildConfiguration;
			buildSettings = {
				ALWAYS_SEARCH_USER_PATHS = NO;
				CLANG_ANALYZER_NONNULL = YES;
				CLANG_ANALYZER_NUMBER_OBJECT_CONVERSION = YES_AGGRESSIVE;
				CLANG_CXX_LANGUAGE_STANDARD = "gnu++14";
				CLANG_CXX_LIBRARY = "libc++";
				CLANG_ENABLE_MODULES = YES;
				CLANG_ENABLE_OBJC_ARC = YES;
				CLANG_ENABLE_OBJC_WEAK = YES;
				CLANG_WARN_BLOCK_CAPTURE_AUTORELEASING = YES;
				CLANG_WARN_BOOL_CONVERSION = YES;
				CLANG_WARN_COMMA = YES;
				CLANG_WARN_CONSTANT_CONVERSION = YES;
				CLANG_WARN_DEPRECATED_OBJC_IMPLEMENTATIONS = YES;
				CLANG_WARN_DIRECT_OBJC_ISA_USAGE = YES_ERROR;
				CLANG_WARN_DOCUMENTATION_COMMENTS = YES;
				CLANG_WARN_EMPTY_BODY = YES;
				CLANG_WARN_ENUM_CONVERSION = YES;
				CLANG_WARN_INFINITE_RECURSION = YES;
				CLANG_WARN_INT_CONVERSION = YES;
				CLANG_WARN_NON_LITERAL_NULL_CONVERSION = YES;
				CLANG_WARN_OBJC_IMPLICIT_RETAIN_SELF = YES;
				CLANG_WARN_OBJC_LITERAL_CONVERSION = YES;
				CLANG_WARN_OBJC_ROOT_CLASS = YES_ERROR;
				CLANG_WARN_QUOTED_INCLUDE_IN_FRAMEWORK_HEADER = YES;
				CLANG_WARN_RANGE_LOOP_ANALYSIS = YES;
				CLANG_WARN_STRICT_PROTOTYPES = YES;
				CLANG_WARN_SUSPICIOUS_MOVE = YES;
				CLANG_WARN_UNGUARDED_AVAILABILITY = YES_AGGRESSIVE;
				CLANG_WARN_UNREACHABLE_CODE = YES;
				CLANG_WARN__DUPLICATE_METHOD_MATCH = YES;
				COPY_PHASE_STRIP = NO;
				DEBUG_INFORMATION_FORMAT = dwarf;
				ENABLE_STRICT_OBJC_MSGSEND = YES;
				ENABLE_TESTABILITY = YES;
				GCC_C_LANGUAGE_STANDARD = gnu11;
				GCC_DYNAMIC_NO_PIC = NO;
				GCC_NO_COMMON_BLOCKS = YES;
				GCC_OPTIMIZATION_LEVEL = 0;
				GCC_PREPROCESSOR_DEFINITIONS = (
					"DEBUG=1",
					"$(inherited)",
				);
				GCC_WARN_64_TO_32_BIT_CONVERSION = YES;
				GCC_WARN_ABOUT_RETURN_TYPE = YES_ERROR;
				GCC_WARN_UNDECLARED_SELECTOR = YES;
				GCC_WARN_UNINITIALIZED_AUTOS = YES_AGGRESSIVE;
				GCC_WARN_UNUSED_FUNCTION = YES;
				GCC_WARN_UNUSED_VARIABLE = YES;
				IPHONEOS_DEPLOYMENT_TARGET = 14.5;
				MTL_ENABLE_DEBUG_INFO = INCLUDE_SOURCE;
				MTL_FAST_MATH = YES;
				ONLY_ACTIVE_ARCH = YES;
				SDKROOT = iphoneos;
				SWIFT_ACTIVE_COMPILATION_CONDITIONS = DEBUG;
				SWIFT_OPTIMIZATION_LEVEL = "-Onone";
			};
			name = Debug;
		};
		172EA60426886D3400589B84 /* Release */ = {
			isa = XCBuildConfiguration;
			buildSettings = {
				ALWAYS_SEARCH_USER_PATHS = NO;
				CLANG_ANALYZER_NONNULL = YES;
				CLANG_ANALYZER_NUMBER_OBJECT_CONVERSION = YES_AGGRESSIVE;
				CLANG_CXX_LANGUAGE_STANDARD = "gnu++14";
				CLANG_CXX_LIBRARY = "libc++";
				CLANG_ENABLE_MODULES = YES;
				CLANG_ENABLE_OBJC_ARC = YES;
				CLANG_ENABLE_OBJC_WEAK = YES;
				CLANG_WARN_BLOCK_CAPTURE_AUTORELEASING = YES;
				CLANG_WARN_BOOL_CONVERSION = YES;
				CLANG_WARN_COMMA = YES;
				CLANG_WARN_CONSTANT_CONVERSION = YES;
				CLANG_WARN_DEPRECATED_OBJC_IMPLEMENTATIONS = YES;
				CLANG_WARN_DIRECT_OBJC_ISA_USAGE = YES_ERROR;
				CLANG_WARN_DOCUMENTATION_COMMENTS = YES;
				CLANG_WARN_EMPTY_BODY = YES;
				CLANG_WARN_ENUM_CONVERSION = YES;
				CLANG_WARN_INFINITE_RECURSION = YES;
				CLANG_WARN_INT_CONVERSION = YES;
				CLANG_WARN_NON_LITERAL_NULL_CONVERSION = YES;
				CLANG_WARN_OBJC_IMPLICIT_RETAIN_SELF = YES;
				CLANG_WARN_OBJC_LITERAL_CONVERSION = YES;
				CLANG_WARN_OBJC_ROOT_CLASS = YES_ERROR;
				CLANG_WARN_QUOTED_INCLUDE_IN_FRAMEWORK_HEADER = YES;
				CLANG_WARN_RANGE_LOOP_ANALYSIS = YES;
				CLANG_WARN_STRICT_PROTOTYPES = YES;
				CLANG_WARN_SUSPICIOUS_MOVE = YES;
				CLANG_WARN_UNGUARDED_AVAILABILITY = YES_AGGRESSIVE;
				CLANG_WARN_UNREACHABLE_CODE = YES;
				CLANG_WARN__DUPLICATE_METHOD_MATCH = YES;
				COPY_PHASE_STRIP = NO;
				DEBUG_INFORMATION_FORMAT = "dwarf-with-dsym";
				ENABLE_NS_ASSERTIONS = NO;
				ENABLE_STRICT_OBJC_MSGSEND = YES;
				GCC_C_LANGUAGE_STANDARD = gnu11;
				GCC_NO_COMMON_BLOCKS = YES;
				GCC_WARN_64_TO_32_BIT_CONVERSION = YES;
				GCC_WARN_ABOUT_RETURN_TYPE = YES_ERROR;
				GCC_WARN_UNDECLARED_SELECTOR = YES;
				GCC_WARN_UNINITIALIZED_AUTOS = YES_AGGRESSIVE;
				GCC_WARN_UNUSED_FUNCTION = YES;
				GCC_WARN_UNUSED_VARIABLE = YES;
				IPHONEOS_DEPLOYMENT_TARGET = 14.5;
				MTL_ENABLE_DEBUG_INFO = NO;
				MTL_FAST_MATH = YES;
				SDKROOT = iphoneos;
				SWIFT_COMPILATION_MODE = wholemodule;
				SWIFT_OPTIMIZATION_LEVEL = "-O";
				VALIDATE_PRODUCT = YES;
			};
			name = Release;
		};
		172EA60626886D3400589B84 /* Debug */ = {
			isa = XCBuildConfiguration;
			buildSettings = {
				ASSETCATALOG_COMPILER_APPICON_NAME = AppIcon;
				ASSETCATALOG_COMPILER_GLOBAL_ACCENT_COLOR_NAME = AccentColor;
				CODE_SIGN_STYLE = Automatic;
				DEVELOPMENT_TEAM = 4M98H29Y86;
				INFOPLIST_FILE = NSoftPokemon/Info.plist;
				LD_RUNPATH_SEARCH_PATHS = (
					"$(inherited)",
					"@executable_path/Frameworks",
				);
				PRODUCT_BUNDLE_IDENTIFIER = com.omer.NSoftPokemon;
				PRODUCT_NAME = "$(TARGET_NAME)";
				SWIFT_VERSION = 5.0;
				TARGETED_DEVICE_FAMILY = 1;
			};
			name = Debug;
		};
		172EA60726886D3400589B84 /* Release */ = {
			isa = XCBuildConfiguration;
			buildSettings = {
				ASSETCATALOG_COMPILER_APPICON_NAME = AppIcon;
				ASSETCATALOG_COMPILER_GLOBAL_ACCENT_COLOR_NAME = AccentColor;
				CODE_SIGN_STYLE = Automatic;
				DEVELOPMENT_TEAM = 4M98H29Y86;
				INFOPLIST_FILE = NSoftPokemon/Info.plist;
				LD_RUNPATH_SEARCH_PATHS = (
					"$(inherited)",
					"@executable_path/Frameworks",
				);
				PRODUCT_BUNDLE_IDENTIFIER = com.omer.NSoftPokemon;
				PRODUCT_NAME = "$(TARGET_NAME)";
				SWIFT_VERSION = 5.0;
				TARGETED_DEVICE_FAMILY = 1;
			};
			name = Release;
		};
/* End XCBuildConfiguration section */

/* Begin XCConfigurationList section */
		172EA5EC26886D3100589B84 /* Build configuration list for PBXProject "NSoftPokemon" */ = {
			isa = XCConfigurationList;
			buildConfigurations = (
				172EA60326886D3400589B84 /* Debug */,
				172EA60426886D3400589B84 /* Release */,
			);
			defaultConfigurationIsVisible = 0;
			defaultConfigurationName = Release;
		};
		172EA60526886D3400589B84 /* Build configuration list for PBXNativeTarget "NSoftPokemon" */ = {
			isa = XCConfigurationList;
			buildConfigurations = (
				172EA60626886D3400589B84 /* Debug */,
				172EA60726886D3400589B84 /* Release */,
			);
			defaultConfigurationIsVisible = 0;
			defaultConfigurationName = Release;
		};
/* End XCConfigurationList section */

/* Begin XCRemoteSwiftPackageReference section */
		368F57CD26BA7CF7002CE6E6 /* XCRemoteSwiftPackageReference "SDWebImage" */ = {
			isa = XCRemoteSwiftPackageReference;
			repositoryURL = "https://github.com/SDWebImage/SDWebImage.git";
			requirement = {
				kind = upToNextMajorVersion;
				minimumVersion = 5.11.1;
			};
		};
		368F57D026BA7D53002CE6E6 /* XCRemoteSwiftPackageReference "SnapKit" */ = {
			isa = XCRemoteSwiftPackageReference;
			repositoryURL = "https://github.com/SnapKit/SnapKit.git";
			requirement = {
				kind = upToNextMajorVersion;
				minimumVersion = 5.0.1;
			};
		};
/* End XCRemoteSwiftPackageReference section */

/* Begin XCSwiftPackageProductDependency section */
		368F57CE26BA7CF7002CE6E6 /* SDWebImage */ = {
			isa = XCSwiftPackageProductDependency;
			package = 368F57CD26BA7CF7002CE6E6 /* XCRemoteSwiftPackageReference "SDWebImage" */;
			productName = SDWebImage;
		};
		368F57D126BA7D53002CE6E6 /* SnapKit */ = {
			isa = XCSwiftPackageProductDependency;
			package = 368F57D026BA7D53002CE6E6 /* XCRemoteSwiftPackageReference "SnapKit" */;
			productName = SnapKit;
		};
/* End XCSwiftPackageProductDependency section */

/* Begin XCVersionGroup section */
		1738E84E268C75480011746D /* NSoftPokemonCoreData.xcdatamodeld */ = {
			isa = XCVersionGroup;
			children = (
				1738E84F268C75480011746D /* NSoftPokemonCoreData.xcdatamodel */,
			);
			currentVersion = 1738E84F268C75480011746D /* NSoftPokemonCoreData.xcdatamodel */;
			path = NSoftPokemonCoreData.xcdatamodeld;
			sourceTree = "<group>";
			versionGroupType = wrapper.xcdatamodel;
		};
/* End XCVersionGroup section */
	};
	rootObject = 172EA5E926886D3100589B84 /* Project object */;
}
